<?xml version="1.0" encoding="UTF-8"?>
<CodeBlocks_project_file>
	<FileVersion major="1" minor="6"/>
	<Project>
		<Option title="Asyncpp"/>
		<Option makefile_is_custom="1"/>
		<Option compiler="gcc"/>
		<Option virtualFolders="CMake Files\;"/>
		<Build>
			<Target title="all">
				<Option working_dir="/home/vishnu/Asyncpp"/>
				<Option type="4"/>
				<MakeCommands>
					<Build command="/usr/bin/make -f &quot;/home/vishnu/Asyncpp/Makefile&quot;  VERBOSE=1 all"/>
					<CompileFile command="/usr/bin/make -f &quot;/home/vishnu/Asyncpp/Makefile&quot;  VERBOSE=1 &quot;$file&quot;"/>
					<Clean command="/usr/bin/make -f &quot;/home/vishnu/Asyncpp/Makefile&quot;  VERBOSE=1 clean"/>
					<DistClean command="/usr/bin/make -f &quot;/home/vishnu/Asyncpp/Makefile&quot;  VERBOSE=1 clean"/>
				</MakeCommands>
			</Target>
			<Target title="rebuild_cache">
				<Option working_dir="/home/vishnu/Asyncpp"/>
				<Option type="4"/>
				<MakeCommands>
					<Build command="/usr/bin/make -f &quot;/home/vishnu/Asyncpp/Makefile&quot;  VERBOSE=1 rebuild_cache"/>
					<CompileFile command="/usr/bin/make -f &quot;/home/vishnu/Asyncpp/Makefile&quot;  VERBOSE=1 &quot;$file&quot;"/>
					<Clean command="/usr/bin/make -f &quot;/home/vishnu/Asyncpp/Makefile&quot;  VERBOSE=1 clean"/>
					<DistClean command="/usr/bin/make -f &quot;/home/vishnu/Asyncpp/Makefile&quot;  VERBOSE=1 clean"/>
				</MakeCommands>
			</Target>
			<Target title="Asyncpp">
				<Option output="/home/vishnu/Asyncpp/Asyncpp" prefix_auto="0" extension_auto="0"/>
				<Option working_dir="/home/vishnu/Asyncpp"/>
				<Option object_output="./"/>
				<Option type="1"/>
				<Option compiler="gcc"/>
				<Compiler>
					<Add directory="/home/vishnu/Asyncpp/."/>
				</Compiler>
				<MakeCommands>
					<Build command="/usr/bin/make -f &quot;/home/vishnu/Asyncpp/Makefile&quot;  VERBOSE=1 Asyncpp"/>
					<CompileFile command="/usr/bin/make -f &quot;/home/vishnu/Asyncpp/Makefile&quot;  VERBOSE=1 &quot;$file&quot;"/>
					<Clean command="/usr/bin/make -f &quot;/home/vishnu/Asyncpp/Makefile&quot;  VERBOSE=1 clean"/>
					<DistClean command="/usr/bin/make -f &quot;/home/vishnu/Asyncpp/Makefile&quot;  VERBOSE=1 clean"/>
				</MakeCommands>
			</Target>
			<Target title="Asyncpp/fast">
				<Option output="/home/vishnu/Asyncpp/Asyncpp" prefix_auto="0" extension_auto="0"/>
				<Option working_dir="/home/vishnu/Asyncpp"/>
				<Option object_output="./"/>
				<Option type="1"/>
				<Option compiler="gcc"/>
				<Compiler>
					<Add directory="/home/vishnu/Asyncpp/."/>
				</Compiler>
				<MakeCommands>
					<Build command="/usr/bin/make -f &quot;/home/vishnu/Asyncpp/Makefile&quot;  VERBOSE=1 Asyncpp/fast"/>
					<CompileFile command="/usr/bin/make -f &quot;/home/vishnu/Asyncpp/Makefile&quot;  VERBOSE=1 &quot;$file&quot;"/>
					<Clean command="/usr/bin/make -f &quot;/home/vishnu/Asyncpp/Makefile&quot;  VERBOSE=1 clean"/>
					<DistClean command="/usr/bin/make -f &quot;/home/vishnu/Asyncpp/Makefile&quot;  VERBOSE=1 clean"/>
				</MakeCommands>
			</Target>
			<Target title="edit_cache">
				<Option working_dir="/home/vishnu/Asyncpp"/>
				<Option type="4"/>
				<MakeCommands>
					<Build command="/usr/bin/make -f &quot;/home/vishnu/Asyncpp/Makefile&quot;  VERBOSE=1 edit_cache"/>
					<CompileFile command="/usr/bin/make -f &quot;/home/vishnu/Asyncpp/Makefile&quot;  VERBOSE=1 &quot;$file&quot;"/>
					<Clean command="/usr/bin/make -f &quot;/home/vishnu/Asyncpp/Makefile&quot;  VERBOSE=1 clean"/>
					<DistClean command="/usr/bin/make -f &quot;/home/vishnu/Asyncpp/Makefile&quot;  VERBOSE=1 clean"/>
				</MakeCommands>
			</Target>
		</Build>
		<Unit filename="/home/vishnu/Asyncpp/async/src/PollManager.cpp">
			<Option target="Asyncpp"/>
		</Unit>
		<Unit filename="/home/vishnu/Asyncpp/core/src/Notifier.cpp">
			<Option target="Asyncpp"/>
		</Unit>
		<Unit filename="/home/vishnu/Asyncpp/core/src/NotifyManager.cpp">
			<Option target="Asyncpp"/>
		</Unit>
		<Unit filename="/home/vishnu/Asyncpp/core/src/SharedLibraryLoader.cpp">
			<Option target="Asyncpp"/>
		</Unit>
		<Unit filename="/home/vishnu/Asyncpp/core/src/SharedLibraryManager.cpp">
			<Option target="Asyncpp"/>
		</Unit>
		<Unit filename="/home/vishnu/Asyncpp/core/src/Synchronizer.cpp">
			<Option target="Asyncpp"/>
		</Unit>
		<Unit filename="/home/vishnu/Asyncpp/core/src/Thread.cpp">
			<Option target="Asyncpp"/>
		</Unit>
		<Unit filename="/home/vishnu/Asyncpp/core/src/ThreadPool.cpp">
			<Option target="Asyncpp"/>
		</Unit>
		<Unit filename="/home/vishnu/Asyncpp/ipc/src/MessageQueue.cpp">
			<Option target="Asyncpp"/>
		</Unit>
		<Unit filename="/home/vishnu/Asyncpp/ipc/src/SharedMemory.cpp">
			<Option target="Asyncpp"/>
		</Unit>
		<Unit filename="/home/vishnu/Asyncpp/ipc/src/Transceiver.cpp">
			<Option target="Asyncpp"/>
		</Unit>
		<Unit filename="/home/vishnu/Asyncpp/main.cpp">
			<Option target="Asyncpp"/>
		</Unit>
		<Unit filename="/home/vishnu/Asyncpp/timer/src/TimerTask.cpp">
			<Option target="Asyncpp"/>
		</Unit>
		<Unit filename="/home/vishnu/Asyncpp/util/src/File.cpp">
			<Option target="Asyncpp"/>
		</Unit>
		<Unit filename="/home/vishnu/Asyncpp/util/src/Logger.cpp">
			<Option target="Asyncpp"/>
		</Unit>
		<Unit filename="/home/vishnu/Asyncpp/util/src/Option.cpp">
			<Option target="Asyncpp"/>
		</Unit>
		<Unit filename="/home/vishnu/Asyncpp/util/src/Runnable.cpp">
			<Option target="Asyncpp"/>
		</Unit>
		<Unit filename="/home/vishnu/Asyncpp/util/src/TimerManager.cpp">
			<Option target="Asyncpp"/>
		</Unit>
		<Unit filename="/home/vishnu/Asyncpp/CMakeLists.txt">
			<Option virtualFolder="CMake Files\"/>
		</Unit>
	</Project>
</CodeBlocks_project_file>
